# THIS IS AN AUTOGENERATED FILE. DO NOT EDIT THIS FILE DIRECTLY.
# yarn lockfile v1


deep-equal@^1.0.1:
  version "1.0.1"
  resolved "https://registry.yarnpkg.com/deep-equal/-/deep-equal-1.0.1.tgz#f5d260292b660e084eff4cdbc9f08ad3247448b5"

fast-json-patch@^2.0.2:
  version "2.0.2"
  resolved "https://registry.yarnpkg.com/fast-json-patch/-/fast-json-patch-2.0.2.tgz#6a2dd37f7df69ebc10b7de730484318d6922fbb8"
  dependencies:
    deep-equal "^1.0.1"
